{
  "version": 4,
  "terraform_version": "0.13.0",
  "serial": 149,
  "lineage": "5daa2f8e-bc26-fbbf-79f5-e0306384cd43",
  "outputs": {},
  "resources": [
    {
      "mode": "managed",
      "type": "aws_key_pair",
      "name": "key_generation",
      "provider": "provider[\"registry.terraform.io/hashicorp/aws\"]",
      "instances": [
        {
          "schema_version": 1,
          "attributes": {
            "arn": "arn:aws:ec2:ap-south-1:979652193700:key-pair/efs_task_key",
            "fingerprint": "f7:f5:9d:bd:2f:2d:e3:0b:b7:7e:e6:47:9f:df:fe:5b",
            "id": "efs_task_key",
            "key_name": "efs_task_key",
            "key_name_prefix": null,
            "key_pair_id": "key-0cbb1771317e0a907",
            "public_key": "ssh-rsa AAAAB3NzaC1yc2EAAAADAQABAAABAQCnJYM5vZReh+Ji/3X+REGcB6bHKLUbzPaX+bZECC4gH6ACM6zK6LhxnZKE1XyksfWrB76TnRt7vbFVK0mTq3rcckM2Mw+SaHEq/jIzMX54cRF7iflnBygfJl+no3G5QjtfWYdh2grYLnO/pnXrXZgbm6fWkmHVLOp2PCmRPp02OfY3CGrgT+y/vd5SbruPANP2jlXGkpiSkTDArIULJPyIxufn0xaHfYCEKjP+tq+e6pWE++6D5ah4upN/edrGGT8NvpRNU3juMfw+uo3vYWCndfcFId7+m1i17Ora2rSfYhribQGX90e4AIaTFv3I2kLYx67rgVkhi4O1XfcwLmOf",
            "tags": {}
          },
          "private": "eyJzY2hlbWFfdmVyc2lvbiI6IjEifQ==",
          "dependencies": [
            "tls_private_key.public_key_gen"
          ]
        }
      ]
    },
    {
      "mode": "managed",
      "type": "aws_security_group",
      "name": "efs_sec_grp",
      "provider": "provider[\"registry.terraform.io/hashicorp/aws\"]",
      "instances": [
        {
          "schema_version": 1,
          "attributes": {
            "arn": "arn:aws:ec2:ap-south-1:979652193700:security-group/sg-0e048097a6b53aef7",
            "description": "Http ssh",
            "egress": [
              {
                "cidr_blocks": [
                  "0.0.0.0/0"
                ],
                "description": "",
                "from_port": 0,
                "ipv6_cidr_blocks": [],
                "prefix_list_ids": [],
                "protocol": "-1",
                "security_groups": [],
                "self": false,
                "to_port": 0
              }
            ],
            "id": "sg-0e048097a6b53aef7",
            "ingress": [
              {
                "cidr_blocks": [
                  "0.0.0.0/0"
                ],
                "description": "HTTP",
                "from_port": 80,
                "ipv6_cidr_blocks": [],
                "prefix_list_ids": [],
                "protocol": "tcp",
                "security_groups": [],
                "self": false,
                "to_port": 80
              },
              {
                "cidr_blocks": [
                  "0.0.0.0/0"
                ],
                "description": "NFS",
                "from_port": 2049,
                "ipv6_cidr_blocks": [],
                "prefix_list_ids": [],
                "protocol": "tcp",
                "security_groups": [],
                "self": false,
                "to_port": 2049
              },
              {
                "cidr_blocks": [
                  "0.0.0.0/0"
                ],
                "description": "SSH",
                "from_port": 22,
                "ipv6_cidr_blocks": [],
                "prefix_list_ids": [],
                "protocol": "tcp",
                "security_groups": [],
                "self": false,
                "to_port": 22
              }
            ],
            "name": "efs_sec_grp",
            "name_prefix": "",
            "owner_id": "979652193700",
            "revoke_rules_on_delete": false,
            "tags": {
              "Name": "efs_sec_grp"
            },
            "timeouts": null,
            "vpc_id": "vpc-e8bfa280"
          },
          "private": "eyJlMmJmYjczMC1lY2FhLTExZTYtOGY4OC0zNDM2M2JjN2M0YzAiOnsiY3JlYXRlIjo2MDAwMDAwMDAwMDAsImRlbGV0ZSI6NjAwMDAwMDAwMDAwfSwic2NoZW1hX3ZlcnNpb24iOiIxIn0=",
          "dependencies": [
            "aws_key_pair.key_generation",
            "tls_private_key.public_key_gen"
          ]
        }
      ]
    },
    {
      "mode": "managed",
      "type": "aws_subnet",
      "name": "efs_subnet",
      "provider": "provider[\"registry.terraform.io/hashicorp/aws\"]",
      "instances": [
        {
          "schema_version": 1,
          "attributes": {
            "arn": "arn:aws:ec2:ap-south-1:979652193700:subnet/subnet-0d9d795aefbce7851",
            "assign_ipv6_address_on_creation": false,
            "availability_zone": "ap-south-1a",
            "availability_zone_id": "aps1-az1",
            "cidr_block": "172.31.48.0/20",
            "id": "subnet-0d9d795aefbce7851",
            "ipv6_cidr_block": "",
            "ipv6_cidr_block_association_id": "",
            "map_public_ip_on_launch": false,
            "outpost_arn": "",
            "owner_id": "979652193700",
            "tags": {},
            "timeouts": null,
            "vpc_id": "vpc-e8bfa280"
          }
        }
      ]
    },
    {
      "mode": "managed",
      "type": "tls_private_key",
      "name": "public_key_gen",
      "provider": "provider[\"registry.terraform.io/hashicorp/tls\"]",
      "instances": [
        {
          "schema_version": 0,
          "attributes": {
            "algorithm": "RSA",
            "ecdsa_curve": "P224",
            "id": "9bdc019f51dc973ac44caba2b41b114fa7f60866",
            "private_key_pem": "-----BEGIN RSA PRIVATE KEY-----\nMIIEowIBAAKCAQEApyWDOb2UXofiYv91/kRBnAemxyi1G8z2l/m2RAguIB+gAjOs\nyui4cZ2ShNV8pLH1qwe+k50be72xVStJk6t63HJDNjMPkmhxKv4yMzF+eHERe4n5\nZwcoHyZfp6NxuUI7X1mHYdoK2C5zv6Z1612YG5un1pJh1SzqdjwpkT6dNjn2Nwhq\n4E/sv73eUm67jwDT9o5VxpKYkpEwwKyFCyT8iMbn59MWh32AhCoz/ravnuqVhPvu\ng+WoeLqTf3naxhk/Db6UTVN47jH8PrqN72Fgp3X3BSHe/ptYtezq2tq0n2Ia4m0B\nl/dHuACGkxb9yNpC2Meu64FZIYuDtV33MC5jnwIDAQABAoIBAHJr+6lLXoZX/2JF\n/0BQ+ZkWo9UyyMh/R1BCYcOw1eKnw6G+PkuphJpChErq2qjkKokqhAwJQQc0lHD5\ncSTl/vVqQxiXW9GeLdqAqVziRPGudYlcqp8dBxpL6q+X9AIelQZxA3y5BzN2mUZZ\nbd/x8m7z37HEA7UrSlYmWU5UzsqPR/5njIUC1yTxeaBmvUTx41zWdRwnuSeGq7Xi\ngVjzdQnMYLcL3EKO6kZn1PpdB4UNAUXQNkauI5yRcTetdcH2IPJyOPU+WrPlRQZB\nlzD8KVGQ/jExp+03Jz1APYOrNjPWKMClAmx3XKTAR6FS9NBlsTNQjNiK7xItn+nD\naRvp+gECgYEAy7yy4c9KirK7yF/mqoC+C+z0ba/VfOk0/EpfQ5v2K22YX71P4spA\nIO2HXfIBMMJKAeg3sxppfcB3x9db1lXEebfEYspIDReQJCWyvY17zwPQrXsMvAjH\nKAKIqemYr5E/Rd1f94PEYP8AQU9EXh8fNKRQhm0/aLMBoY8lIW5vwnMCgYEA0gXu\nfSBFfwoJlJE0oicwqC6FWnhyHzn6OTqxu8y8boUUXFLLZmsws3YH1pW8bGhg/zyf\nATc+8DpU+fvvvmqaUsyONsO7t+B+GH0OOCx33GzmM52HqefGMjpJn97EEDLzMaYF\nt8+T/ZHCqjtFiHRC5eQc9Ga/4x5lzwadJ78UUyUCgYAnhkIFwJsrcSUw6DntlfBI\ni/2XUedOxkc7MopsqVMGdcp7uFRJIQdz2+DI/uvwM6D74br8igExHieeo07zs8vb\n+SSmLavwrkOOX6nfUBVWwdy36wk7aVCJmIQ+wkyWsszdlubJM8zjLFU2VlRjFhKN\nudrNWWBVxXRpjUWcyLnxtQKBgEwsrpVfkRVEtLjX+bkecb1uMhvgN7QvuRvst+4f\nkfCcAAiEVxWspxtQIgOoh5DiQtwQRrOQMBm9bnjE8e2kiJijbKlcUMeeet2y7edd\n6ZNfRBdQeZYcZHxvO6jqiT4+3IoTZ1uFxG1h4rMPkGavlFwBYqcaZVqg+dge0/1I\nhrypAoGBAMqE5u14Pt5DrRlajrGAzqQa3FcekYpImt+hT2YnRgFK+aU9pFItAqzF\nePSnIoaHLW3UY3mZjqXK5N+dxOPipVXhm3jtyuweVL+OhcePZ3/5eCafjGT25KMG\nb9JoT2HSysR3Iz8V8edhSwO8iqMhhxak5uHwKyigZJ/BHiOGMOt6\n-----END RSA PRIVATE KEY-----\n",
            "public_key_fingerprint_md5": "5f:0f:27:06:95:e1:78:bd:6f:30:de:d8:28:a6:40:50",
            "public_key_openssh": "ssh-rsa AAAAB3NzaC1yc2EAAAADAQABAAABAQCnJYM5vZReh+Ji/3X+REGcB6bHKLUbzPaX+bZECC4gH6ACM6zK6LhxnZKE1XyksfWrB76TnRt7vbFVK0mTq3rcckM2Mw+SaHEq/jIzMX54cRF7iflnBygfJl+no3G5QjtfWYdh2grYLnO/pnXrXZgbm6fWkmHVLOp2PCmRPp02OfY3CGrgT+y/vd5SbruPANP2jlXGkpiSkTDArIULJPyIxufn0xaHfYCEKjP+tq+e6pWE++6D5ah4upN/edrGGT8NvpRNU3juMfw+uo3vYWCndfcFId7+m1i17Ora2rSfYhribQGX90e4AIaTFv3I2kLYx67rgVkhi4O1XfcwLmOf\n",
            "public_key_pem": "-----BEGIN PUBLIC KEY-----\nMIIBIjANBgkqhkiG9w0BAQEFAAOCAQ8AMIIBCgKCAQEApyWDOb2UXofiYv91/kRB\nnAemxyi1G8z2l/m2RAguIB+gAjOsyui4cZ2ShNV8pLH1qwe+k50be72xVStJk6t6\n3HJDNjMPkmhxKv4yMzF+eHERe4n5ZwcoHyZfp6NxuUI7X1mHYdoK2C5zv6Z1612Y\nG5un1pJh1SzqdjwpkT6dNjn2Nwhq4E/sv73eUm67jwDT9o5VxpKYkpEwwKyFCyT8\niMbn59MWh32AhCoz/ravnuqVhPvug+WoeLqTf3naxhk/Db6UTVN47jH8PrqN72Fg\np3X3BSHe/ptYtezq2tq0n2Ia4m0Bl/dHuACGkxb9yNpC2Meu64FZIYuDtV33MC5j\nnwIDAQAB\n-----END PUBLIC KEY-----\n",
            "rsa_bits": 2048
          },
          "private": "bnVsbA=="
        }
      ]
    }
  ]
}
